
Microsoft Visual Studio Solution File, Format Version 12.00
# Visual Studio Version 17
VisualStudioVersion = 17.5.001.0
MinimumVisualStudioVersion = 10.0.40219.1
Project("{9A19103F-16F7-4668-BE54-9A1E7A4F7556}") = "ZooSim", "ZooSim.csproj", "{4868FD12-D705-4427-8A7E-70ED3B0C0F23}"
EndProject
Project("{FAE04EC0-301F-11D3-BF4B-00C04F79EFBC}") = "Calculator", "..\workspace\calc\Calculator\Calculator.csproj", "{B8B3E821-8CEF-4391-B50A-EFEC868E8B00}"
EndProject
Global
	GlobalSection(SolutionConfigurationPlatforms) = preSolution
		Debug|Any CPU = Debug|Any CPU
		Release|Any CPU = Release|Any CPU
	EndGlobalSection
	GlobalSection(ProjectConfigurationPlatforms) = postSolution
		{4868FD12-D705-4427-8A7E-70ED3B0C0F23}.Debug|Any CPU.ActiveCfg = Debug|Any CPU
		{4868FD12-D705-4427-8A7E-70ED3B0C0F23}.Debug|Any CPU.Build.0 = Debug|Any CPU
		{4868FD12-D705-4427-8A7E-70ED3B0C0F23}.Release|Any CPU.ActiveCfg = Release|Any CPU
		{4868FD12-D705-4427-8A7E-70ED3B0C0F23}.Release|Any CPU.Build.0 = Release|Any CPU
		{B8B3E821-8CEF-4391-B50A-EFEC868E8B00}.Debug|Any CPU.ActiveCfg = Debug|Any CPU
		{B8B3E821-8CEF-4391-B50A-EFEC868E8B00}.Debug|Any CPU.Build.0 = Debug|Any CPU
		{B8B3E821-8CEF-4391-B50A-EFEC868E8B00}.Release|Any CPU.ActiveCfg = Release|Any CPU
		{B8B3E821-8CEF-4391-B50A-EFEC868E8B00}.Release|Any CPU.Build.0 = Release|Any CPU
	EndGlobalSection
	GlobalSection(SolutionProperties) = preSolution
		HideSolutionNode = FALSE
	EndGlobalSection
	GlobalSection(ExtensibilityGlobals) = postSolution
		SolutionGuid = {09B7C322-5054-4737-A6CF-3DAE63DEFD11}
	EndGlobalSection
EndGlobal
